
Microsoft Visual Studio Solution File, Format Version 12.00
# Visual Studio Version 17
VisualStudioVersion = 17.14.36212.18 d17.14
MinimumVisualStudioVersion = 10.0.40219.1
Project("{FAE04EC0-301F-11D3-BF4B-00C04F79EFBC}") = "chap02", "chap02\chap02.csproj", "{4A351EEF-CAC6-4AF8-BA56-8ACE244E5C65}"
EndProject
Project("{FAE04EC0-301F-11D3-BF4B-00C04F79EFBC}") = "win02", "win02\win02.csproj", "{A527838E-76AE-4219-8E68-2574A8C4375D}"
EndProject
Global
	GlobalSection(SolutionConfigurationPlatforms) = preSolution
		Debug|Any CPU = Debug|Any CPU
		Release|Any CPU = Release|Any CPU
	EndGlobalSection
	GlobalSection(ProjectConfigurationPlatforms) = postSolution
		{4A351EEF-CAC6-4AF8-BA56-8ACE244E5C65}.Debug|Any CPU.ActiveCfg = Debug|Any CPU
		{4A351EEF-CAC6-4AF8-BA56-8ACE244E5C65}.Debug|Any CPU.Build.0 = Debug|Any CPU
		{4A351EEF-CAC6-4AF8-BA56-8ACE244E5C65}.Release|Any CPU.ActiveCfg = Release|Any CPU
		{4A351EEF-CAC6-4AF8-BA56-8ACE244E5C65}.Release|Any CPU.Build.0 = Release|Any CPU
		{A527838E-76AE-4219-8E68-2574A8C4375D}.Debug|Any CPU.ActiveCfg = Debug|Any CPU
		{A527838E-76AE-4219-8E68-2574A8C4375D}.Debug|Any CPU.Build.0 = Debug|Any CPU
		{A527838E-76AE-4219-8E68-2574A8C4375D}.Release|Any CPU.ActiveCfg = Release|Any CPU
		{A527838E-76AE-4219-8E68-2574A8C4375D}.Release|Any CPU.Build.0 = Release|Any CPU
	EndGlobalSection
	GlobalSection(SolutionProperties) = preSolution
		HideSolutionNode = FALSE
	EndGlobalSection
	GlobalSection(ExtensibilityGlobals) = postSolution
		SolutionGuid = {8A156ABB-EDAA-4E97-897A-8974CEF9AB03}
	EndGlobalSection
EndGlobal
