
Microsoft Visual Studio Solution File, Format Version 12.00
# Visual Studio Version 17
VisualStudioVersion = 17.14.36212.18 d17.14
MinimumVisualStudioVersion = 10.0.40219.1
Project("{FAE04EC0-301F-11D3-BF4B-00C04F79EFBC}") = "conapp01", "conapp01\conapp01.csproj", "{5E154A09-5FEB-4177-B373-A80E738C8CD6}"
EndProject
Project("{FAE04EC0-301F-11D3-BF4B-00C04F79EFBC}") = "WindowsFormsApp1", "WindowsFormsApp1\WindowsFormsApp1.csproj", "{90E5D9DC-AC02-41BC-AB8D-08248D279A24}"
EndProject
Global
	GlobalSection(SolutionConfigurationPlatforms) = preSolution
		Debug|Any CPU = Debug|Any CPU
		Release|Any CPU = Release|Any CPU
	EndGlobalSection
	GlobalSection(ProjectConfigurationPlatforms) = postSolution
		{5E154A09-5FEB-4177-B373-A80E738C8CD6}.Debug|Any CPU.ActiveCfg = Debug|Any CPU
		{5E154A09-5FEB-4177-B373-A80E738C8CD6}.Debug|Any CPU.Build.0 = Debug|Any CPU
		{5E154A09-5FEB-4177-B373-A80E738C8CD6}.Release|Any CPU.ActiveCfg = Release|Any CPU
		{5E154A09-5FEB-4177-B373-A80E738C8CD6}.Release|Any CPU.Build.0 = Release|Any CPU
		{90E5D9DC-AC02-41BC-AB8D-08248D279A24}.Debug|Any CPU.ActiveCfg = Debug|Any CPU
		{90E5D9DC-AC02-41BC-AB8D-08248D279A24}.Debug|Any CPU.Build.0 = Debug|Any CPU
		{90E5D9DC-AC02-41BC-AB8D-08248D279A24}.Release|Any CPU.ActiveCfg = Release|Any CPU
		{90E5D9DC-AC02-41BC-AB8D-08248D279A24}.Release|Any CPU.Build.0 = Release|Any CPU
	EndGlobalSection
	GlobalSection(SolutionProperties) = preSolution
		HideSolutionNode = FALSE
	EndGlobalSection
	GlobalSection(ExtensibilityGlobals) = postSolution
		SolutionGuid = {5EFDF745-CC5D-4F52-81D1-50D5E5798601}
	EndGlobalSection
EndGlobal
